# This file is automatically @generated by Poetry 2.3.2 and should not be changed by hand.

[[package]]
name = "anyio"
version = "4.13.0"
description = "High-level concurrency and networking framework on top of asyncio or Trio"
optional = false
python-versions = ">=3.10"
groups = ["main"]
files = [
    {file = "anyio-4.13.0-py3-none-any.whl", hash = "sha256:08b310f9e24a9594186fd75b4f73f4a4152069e3853f1ed8bfbf58369f4ad708"},
    {file = "anyio-4.13.0.tar.gz", hash = "sha256:334b70e641fd2221c1505b3890c69882fe4a2df910cba14d97019b90b24439dc"},
]

[package.dependencies]
idna = ">=2.8"
typing_extensions = {version = ">=4.5", markers = "python_version < \"3.13\""}

[package.extras]
trio = ["trio (>=0.32.0)"]

[[package]]
name = "bibtexparser"
version = "1.4.4"
description = "Bibtex parser for python 3"
optional = false
python-versions = "*"
groups = ["main"]
files = [
    {file = "bibtexparser-1.4.4.tar.gz", hash = "sha256:093b6c824f7a71d3a748867c4057b71f77c55b8dbc07efc993b781771520d8fb"},
]

[package.dependencies]
pyparsing = ">=2.0.3"

[[package]]
name = "certifi"
version = "2026.2.25"
description = "Python package for providing Mozilla's CA Bundle."
optional = false
python-versions = ">=3.7"
groups = ["main"]
files = [
    {file = "certifi-2026.2.25-py3-none-any.whl", hash = "sha256:027692e4402ad994f1c42e52a4997a9763c646b73e4096e4d5d6db8af1d6f0fa"},
    {file = "certifi-2026.2.25.tar.gz", hash = "sha256:e887ab5cee78ea814d3472169153c2d12cd43b14bd03329a39a9c6e2e80bfba7"},
]

[[package]]
name = "feedparser"
version = "6.0.12"
description = "Universal feed parser, handles RSS 0.9x, RSS 1.0, RSS 2.0, CDF, Atom 0.3, and Atom 1.0 feeds"
optional = false
python-versions = ">=3.6"
groups = ["main"]
files = [
    {file = "feedparser-6.0.12-py3-none-any.whl", hash = "sha256:6bbff10f5a52662c00a2e3f86a38928c37c48f77b3c511aedcd51de933549324"},
    {file = "feedparser-6.0.12.tar.gz", hash = "sha256:64f76ce90ae3e8ef5d1ede0f8d3b50ce26bcce71dd8ae5e82b1cd2d4a5f94228"},
]

[package.dependencies]
sgmllib3k = "*"

[[package]]
name = "h11"
version = "0.16.0"
description = "A pure-Python, bring-your-own-I/O implementation of HTTP/1.1"
optional = false
python-versions = ">=3.8"
groups = ["main"]
files = [
    {file = "h11-0.16.0-py3-none-any.whl", hash = "sha256:63cf8bbe7522de3bf65932fda1d9c2772064ffb3dae62d55932da54b31cb6c86"},
    {file = "h11-0.16.0.tar.gz", hash = "sha256:4e35b956cf45792e4caa5885e69fba00bdbc6ffafbfa020300e549b208ee5ff1"},
]

[[package]]
name = "httpcore"
version = "1.0.9"
description = "A minimal low-level HTTP client."
optional = false
python-versions = ">=3.8"
groups = ["main"]
files = [
    {file = "httpcore-1.0.9-py3-none-any.whl", hash = "sha256:2d400746a40668fc9dec9810239072b40b4484b640a8c38fd654a024c7a1bf55"},
    {file = "httpcore-1.0.9.tar.gz", hash = "sha256:6e34463af53fd2ab5d807f399a9b45ea31c3dfa2276f15a2c3f00afff6e176e8"},
]

[package.dependencies]
certifi = "*"
h11 = ">=0.16"

[package.extras]
asyncio = ["anyio (>=4.0,<5.0)"]
http2 = ["h2 (>=3,<5)"]
socks = ["socksio (==1.*)"]
trio = ["trio (>=0.22.0,<1.0)"]

[[package]]
name = "httpx"
version = "0.28.1"
description = "The next generation HTTP client."
optional = false
python-versions = ">=3.8"
groups = ["main"]
files = [
    {file = "httpx-0.28.1-py3-none-any.whl", hash = "sha256:d909fcccc110f8c7faf814ca82a9a4d816bc5a6dbfea25d6591d6985b8ba59ad"},
    {file = "httpx-0.28.1.tar.gz", hash = "sha256:75e98c5f16b0f35b567856f597f06ff2270a374470a5c2392242528e3e3e42fc"},
]

[package.dependencies]
anyio = "*"
certifi = "*"
httpcore = "==1.*"
idna = "*"

[package.extras]
brotli = ["brotli ; platform_python_implementation == \"CPython\"", "brotlicffi ; platform_python_implementation != \"CPython\""]
cli = ["click (==8.*)", "pygments (==2.*)", "rich (>=10,<14)"]
http2 = ["h2 (>=3,<5)"]
socks = ["socksio (==1.*)"]
zstd = ["zstandard (>=0.18.0)"]

[[package]]
name = "idna"
version = "3.11"
description = "Internationalized Domain Names in Applications (IDNA)"
optional = false
python-versions = ">=3.8"
groups = ["main"]
files = [
    {file = "idna-3.11-py3-none-any.whl", hash = "sha256:771a87f49d9defaf64091e6e6fe9c18d4833f140bd19464795bc32d966ca37ea"},
    {file = "idna-3.11.tar.gz", hash = "sha256:795dafcc9c04ed0c1fb032c2aa73654d8e8c5023a7df64a53f39190ada629902"},
]

[package.extras]
all = ["flake8 (>=7.1.1)", "mypy (>=1.11.2)", "pytest (>=8.3.2)", "ruff (>=0.6.2)"]

[[package]]
name = "pyparsing"
version = "3.3.2"
description = "pyparsing - Classes and methods to define and execute parsing grammars"
optional = false
python-versions = ">=3.9"
groups = ["main"]
files = [
    {file = "pyparsing-3.3.2-py3-none-any.whl", hash = "sha256:850ba148bd908d7e2411587e247a1e4f0327839c40e2e5e6d05a007ecc69911d"},
    {file = "pyparsing-3.3.2.tar.gz", hash = "sha256:c777f4d763f140633dcb6d8a3eda953bf7a214dc4eff598413c070bcdc117cbc"},
]

[package.extras]
diagrams = ["jinja2", "railroad-diagrams"]

[[package]]
name = "pyzotero"
version = "1.11.0"
description = "Python wrapper for the Zotero API"
optional = false
python-versions = ">=3.9"
groups = ["main"]
files = [
    {file = "pyzotero-1.11.0-py3-none-any.whl", hash = "sha256:54348c7332c79cd1acf531f2548fc8d8c6ea31e89e98c420232d97a193ad95b2"},
    {file = "pyzotero-1.11.0.tar.gz", hash = "sha256:901e5ca297d44f46ba7fe7810cc8e2327374ca206ed44b62b214ffe5ea647fb3"},
]

[package.dependencies]
bibtexparser = ">=1.4.3,<2.0.0"
feedparser = ">=6.0.12"
httpx = ">=0.28.1"
whenever = ">=0.8.8"

[package.extras]
cli = ["click (>=8.0.0)"]
mcp = ["mcp[cli] (>=1.0.0) ; python_full_version >= \"3.10.0\""]

[[package]]
name = "sgmllib3k"
version = "1.0.0"
description = "Py3k port of sgmllib."
optional = false
python-versions = "*"
groups = ["main"]
files = [
    {file = "sgmllib3k-1.0.0.tar.gz", hash = "sha256:7868fb1c8bfa764c1ac563d3cf369c381d1325d36124933a726f29fcdaa812e9"},
]

[[package]]
name = "typing-extensions"
version = "4.15.0"
description = "Backported and Experimental Type Hints for Python 3.9+"
optional = false
python-versions = ">=3.9"
groups = ["main"]
markers = "python_version < \"3.13\""
files = [
    {file = "typing_extensions-4.15.0-py3-none-any.whl", hash = "sha256:f0fa19c6845758ab08074a0cfa8b7aecb71c999ca73d62883bc25cc018c4e548"},
    {file = "typing_extensions-4.15.0.tar.gz", hash = "sha256:0cea48d173cc12fa28ecabc3b837ea3cf6f38c6d1136f85cbaaf598984861466"},
]

[[package]]
name = "tzdata"
version = "2026.1"
description = "Provider of IANA time zone data"
optional = false
python-versions = ">=2"
groups = ["main"]
markers = "sys_platform != \"darwin\" and sys_platform != \"linux\" and platform_system == \"Windows\" or sys_platform == \"win32\""
files = [
    {file = "tzdata-2026.1-py2.py3-none-any.whl", hash = "sha256:4b1d2be7ac37ceafd7327b961aa3a54e467efbdb563a23655fbfe0d39cfc42a9"},
    {file = "tzdata-2026.1.tar.gz", hash = "sha256:67658a1903c75917309e753fdc349ac0efd8c27db7a0cb406a25be4840f87f98"},
]

[[package]]
name = "tzlocal"
version = "5.3.1"
description = "tzinfo object for the local timezone"
optional = false
python-versions = ">=3.9"
groups = ["main"]
markers = "sys_platform != \"darwin\" and sys_platform != \"linux\""
files = [
    {file = "tzlocal-5.3.1-py3-none-any.whl", hash = "sha256:eb1a66c3ef5847adf7a834f1be0800581b683b5608e74f86ecbcef8ab91bb85d"},
    {file = "tzlocal-5.3.1.tar.gz", hash = "sha256:cceffc7edecefea1f595541dbd6e990cb1ea3d19bf01b2809f362a03dd7921fd"},
]

[package.dependencies]
tzdata = {version = "*", markers = "platform_system == \"Windows\""}

[package.extras]
devenv = ["check-manifest", "pytest (>=4.3)", "pytest-cov", "pytest-mock (>=3.3)", "zest.releaser"]

[[package]]
name = "whenever"
version = "0.10.0"
description = "Modern datetime library for Python"
optional = false
python-versions = ">=3.10"
groups = ["main"]
files = [
    {file = "whenever-0.10.0-cp310-cp310-macosx_10_12_x86_64.whl", hash = "sha256:b58f46b4bbe56ac3059fbc912a40dac92a2df6a45b6f1681f292bcbe70f05c5c"},
    {file = "whenever-0.10.0-cp310-cp310-macosx_11_0_arm64.whl", hash = "sha256:06b660d198c813dde21f1a32b426795ed3ba684ca8da84a3d4cdca5e330bfb17"},
    {file = "whenever-0.10.0-cp310-cp310-manylinux_2_17_aarch64.manylinux2014_aarch64.whl", hash = "sha256:40a29c4705cb174fb7c5b6c261638fe3a7f87df0ff0ad758f55ad101b5077a93"},
    {file = "whenever-0.10.0-cp310-cp310-manylinux_2_17_armv7l.manylinux2014_armv7l.whl", hash = "sha256:cdf7725c096f5214cbde71732a24210d2af43c2391744a9f0e37214f15b5daff"},
    {file = "whenever-0.10.0-cp310-cp310-manylinux_2_17_ppc64le.manylinux2014_ppc64le.whl", hash = "sha256:516184c9ce8f4719d04ab65d519bdb9ef69590dba86dc588b0ee6575bc309679"},
    {file = "whenever-0.10.0-cp310-cp310-manylinux_2_17_s390x.manylinux2014_s390x.whl", hash = "sha256:0540d81aa6616fe2225228f7a8493e35f2c5d0f2a6558e766264ce2287dc077d"},
    {file = "whenever-0.10.0-cp310-cp310-manylinux_2_17_x86_64.manylinux2014_x86_64.whl", hash = "sha256:6d7b7ea03602a99489cb6ffd3392f52ee0bbc1388e7c56510389ffba16ce09ae"},
    {file = "whenever-0.10.0-cp310-cp310-manylinux_2_5_i686.manylinux1_i686.whl", hash = "sha256:266514ea96f00bff17c456b35ecdcf1e486b82839d48a7afcd8251b5bd92374f"},
    {file = "whenever-0.10.0-cp310-cp310-musllinux_1_2_aarch64.whl", hash = "sha256:4e377829458e0c6475d42ead8ef2bd33ced5f8e14b9970d245c3fab114654c42"},
    {file = "whenever-0.10.0-cp310-cp310-musllinux_1_2_armv7l.whl", hash = "sha256:ace7467ad03195bf8b13e2400dc89aa3e8876083d408c7d48b58872758d6adb9"},
    {file = "whenever-0.10.0-cp310-cp310-musllinux_1_2_i686.whl", hash = "sha256:ae407ca2ad56db7f33ecdd776a464a51ef3e5988fc65baadac5b494c0cecbe0b"},
    {file = "whenever-0.10.0-cp310-cp310-musllinux_1_2_x86_64.whl", hash = "sha256:b10ac9f0acb193a6aed5a18e5cb134cfd7522f8f917a289482c8e1cdd6c334f3"},
    {file = "whenever-0.10.0-cp310-cp310-win32.whl", hash = "sha256:364dec3b24f860b08702171f0f57702241cb34f35af64a251b4e4d46d17b9ae2"},
    {file = "whenever-0.10.0-cp310-cp310-win_amd64.whl", hash = "sha256:2ea0ae4294e8683eb2a7a6e903fb05de7f60084902a09de11347b1f252c45a1d"},
    {file = "whenever-0.10.0-cp311-cp311-macosx_10_12_x86_64.whl", hash = "sha256:27465fb11cef0030310508a9cb3ecfc3fa0f1d299f1972105f7ee6eced6f1209"},
    {file = "whenever-0.10.0-cp311-cp311-macosx_11_0_arm64.whl", hash = "sha256:a7f2f3d471259b0a8adb500496cc54e7f0bc73a672bea7f77306b23b9647769e"},
    {file = "whenever-0.10.0-cp311-cp311-manylinux_2_17_aarch64.manylinux2014_aarch64.whl", hash = "sha256:19123455f1c7358d5946d735eb242c0d2ba521b07f4e8c696436f7e009cc5776"},
    {file = "whenever-0.10.0-cp311-cp311-manylinux_2_17_armv7l.manylinux2014_armv7l.whl", hash = "sha256:683a1786b2747a35c032b3c696a85e286750616ba2e14bcf97de88b4c50fab09"},
    {file = "whenever-0.10.0-cp311-cp311-manylinux_2_17_ppc64le.manylinux2014_ppc64le.whl", hash = "sha256:0bf8af5d5512b7cea7ad30b46b5651853ba20cc74665777eebe3e3d8d37a11ea"},
    {file = "whenever-0.10.0-cp311-cp311-manylinux_2_17_s390x.manylinux2014_s390x.whl", hash = "sha256:6ba7215348103af97b54d97f4d63120389ecb231d8a30e8cf86092c8d0db3567"},
    {file = "whenever-0.10.0-cp311-cp311-manylinux_2_17_x86_64.manylinux2014_x86_64.whl", hash = "sha256:1127d84938aee750476374715c41d127083ef88ac897fa7831bd97d7c6f14696"},
    {file = "whenever-0.10.0-cp311-cp311-manylinux_2_5_i686.manylinux1_i686.whl", hash = "sha256:ec73c7f3bb08883f1ddda5c91be8e4bd900287105813c3c965153ae0e49ad061"},
    {file = "whenever-0.10.0-cp311-cp311-musllinux_1_2_aarch64.whl", hash = "sha256:ff5b26c70b6fec2ff34ea1306ebdcd98862464fccc4cd8a9507180481fe91aea"},
    {file = "whenever-0.10.0-cp311-cp311-musllinux_1_2_armv7l.whl", hash = "sha256:cc34bae4d6342d111f95d4ed51098ba512af010cb018db8e711c4debb16e923a"},
    {file = "whenever-0.10.0-cp311-cp311-musllinux_1_2_i686.whl", hash = "sha256:dba21b209266474c34a617335589edd5908f7a647878565811ad97e6faef4918"},
    {file = "whenever-0.10.0-cp311-cp311-musllinux_1_2_x86_64.whl", hash = "sha256:077842f172a6e6ad089dc651b44b96252dad2ede8944ba3c9af83ac81353b470"},
    {file = "whenever-0.10.0-cp311-cp311-win32.whl", hash = "sha256:b5e63519e26663fefa53e4aba4d3f0bcf73d68441123f9fe191bc5418ccb20de"},
    {file = "whenever-0.10.0-cp311-cp311-win_amd64.whl", hash = "sha256:3f55162fa6ba3dd9defdb19a72c1377c9bab5b671c6fdf27b2220bfebdca55f6"},
    {file = "whenever-0.10.0-cp312-cp312-macosx_10_12_x86_64.whl", hash = "sha256:15bdd19fee402d00415a154ec2155fef58fb3207d38687769cfec2924a9b8227"},
    {file = "whenever-0.10.0-cp312-cp312-macosx_11_0_arm64.whl", hash = "sha256:1efe4d1475683c5a2717f0c8ade309d48e18e7b1d78ecb2b109e763ada5ad71c"},
    {file = "whenever-0.10.0-cp312-cp312-manylinux_2_17_aarch64.manylinux2014_aarch64.whl", hash = "sha256:6742eb5b18d20d8913224dcc9591b82a282fa109d2d1df945f95a65dd827fc76"},
    {file = "whenever-0.10.0-cp312-cp312-manylinux_2_17_armv7l.manylinux2014_armv7l.whl", hash = "sha256:2f3955c6e86a4227a59ab4eea92ddba4c290119bfc95d2bb7539e1c178963549"},
    {file = "whenever-0.10.0-cp312-cp312-manylinux_2_17_ppc64le.manylinux2014_ppc64le.whl", hash = "sha256:be1c9d8b0b157ce16c3276b36c19cfc7431d4b2302724d5f41cd955d5ad5eb81"},
    {file = "whenever-0.10.0-cp312-cp312-manylinux_2_17_s390x.manylinux2014_s390x.whl", hash = "sha256:ff0f3b617eecc7ec470eefc2d029e2fd4c70cc2ea0cb1b0467ca5f1abc654830"},
    {file = "whenever-0.10.0-cp312-cp312-manylinux_2_17_x86_64.manylinux2014_x86_64.whl", hash = "sha256:9e963214baaea851ff56bc5ee368eb4f8a0a7a5e60a132946a2ff0528a5c7fe4"},
    {file = "whenever-0.10.0-cp312-cp312-manylinux_2_5_i686.manylinux1_i686.whl", hash = "sha256:a939b7617b866d10517f01eeaa54e4a0d33723bfc00af24276f2474698739ed6"},
    {file = "whenever-0.10.0-cp312-cp312-musllinux_1_2_aarch64.whl", hash = "sha256:6eb79706865e128cb58e000b78606109d30467bb922e18f20abb7475863c488d"},
    {file = "whenever-0.10.0-cp312-cp312-musllinux_1_2_armv7l.whl", hash = "sha256:bce32831396d4203bd55ec717eb4b09ae971692f59c09d5c8d3657535b489953"},
    {file = "whenever-0.10.0-cp312-cp312-musllinux_1_2_i686.whl", hash = "sha256:c7979d92e44b964ac0690295142497ee5d62ac60eb008fa5e3db036480c6ba32"},
    {file = "whenever-0.10.0-cp312-cp312-musllinux_1_2_x86_64.whl", hash = "sha256:081f9a5a6f163897e11d219dfd59bb02167b57e78ebe6438567f1735c81ce919"},
    {file = "whenever-0.10.0-cp312-cp312-win32.whl", hash = "sha256:4f02cf1a3323d5bcc8e1e23880e4a8d21cb7ed3601fb13450ed730c711a42373"},
    {file = "whenever-0.10.0-cp312-cp312-win_amd64.whl", hash = "sha256:54b7eb5aa61fc82ed67d69c2f6ad715a08624eead0d8c3229106bac4f8bd9119"},
    {file = "whenever-0.10.0-cp313-cp313-macosx_10_12_x86_64.whl", hash = "sha256:c3665bc09c0bd373ee96a276d4379171650a1df634b54c8d173835f79b34b0cd"},
    {file = "whenever-0.10.0-cp313-cp313-macosx_11_0_arm64.whl", hash = "sha256:5a3c1d8691ef80e59381e813e7020634042cdb5303c31600bea7a3c9725111c6"},
    {file = "whenever-0.10.0-cp313-cp313-manylinux_2_17_aarch64.manylinux2014_aarch64.whl", hash = "sha256:7ad35c9eabfab4487c57dce4ba763afa80e1bdccdc8f2a07ef1698ac471c51fa"},
    {file = "whenever-0.10.0-cp313-cp313-manylinux_2_17_armv7l.manylinux2014_armv7l.whl", hash = "sha256:b040cb5e0a8ab1e7ea0fbb09e53f197130dc96b17bbf008f9be8876a90660e34"},
    {file = "whenever-0.10.0-cp313-cp313-manylinux_2_17_ppc64le.manylinux2014_ppc64le.whl", hash = "sha256:e7430f5ba42f9f123ec82697ad45ba7515721ac9f60ff079d228df5f160a48f0"},
    {file = "whenever-0.10.0-cp313-cp313-manylinux_2_17_s390x.manylinux2014_s390x.whl", hash = "sha256:688756233e5a701a93f3cd8f70236271cead0b2cb18343199f0102837ff4c14b"},
    {file = "whenever-0.10.0-cp313-cp313-manylinux_2_17_x86_64.manylinux2014_x86_64.whl", hash = "sha256:91dcdd5582503d5ae15e5bf036125a26042a65685b0c46b953cf583123ee6ff4"},
    {file = "whenever-0.10.0-cp313-cp313-manylinux_2_5_i686.manylinux1_i686.whl", hash = "sha256:1d4ead25c65553edc962f64f0db204230a695a58abc66fe6174a785de2765452"},
    {file = "whenever-0.10.0-cp313-cp313-musllinux_1_2_aarch64.whl", hash = "sha256:2d313bbd10128be0335f6cfbda8a27c91466edb00032e72d5ec45c9821f94b4f"},
    {file = "whenever-0.10.0-cp313-cp313-musllinux_1_2_armv7l.whl", hash = "sha256:5069ff0fcca43fc3452f0fd11da611e269135a62821cbae671728b29726165c5"},
    {file = "whenever-0.10.0-cp313-cp313-musllinux_1_2_i686.whl", hash = "sha256:34e5ffc3e7c926264949ca30ae72a3b65b472982e87d7b023ef1a79e1565ea82"},
    {file = "whenever-0.10.0-cp313-cp313-musllinux_1_2_x86_64.whl", hash = "sha256:6bc61755003efc685c3b097ce0be2e104e9a2d39dbbb1381b7e8dca5e29301d4"},
    {file = "whenever-0.10.0-cp313-cp313-win32.whl", hash = "sha256:a23a7d112a57200422912f963cd7ac0cda1f3729c1b51da675e4830f94a86af5"},
    {file = "whenever-0.10.0-cp313-cp313-win_amd64.whl", hash = "sha256:3f87bd9f59d74e9d79ea0ade64d655e4c394b9916a55c8a91afb5ef870f0df01"},
    {file = "whenever-0.10.0-cp313-cp313t-macosx_10_12_x86_64.whl", hash = "sha256:e8bbe9bd956ea4a94357d707583efecaae37613cdaf303eb2e31894d2257a630"},
    {file = "whenever-0.10.0-cp313-cp313t-macosx_11_0_arm64.whl", hash = "sha256:075b268cbd6d1a9787232e6571aaabd443d17f9bc58dee7919e91b7e4eb78e6d"},
    {file = "whenever-0.10.0-cp313-cp313t-manylinux_2_17_aarch64.manylinux2014_aarch64.whl", hash = "sha256:8936a86eaefba4d0cf357412817c5a36b99d1dc9ea8cfbad07effe739a204406"},
    {file = "whenever-0.10.0-cp313-cp313t-manylinux_2_17_armv7l.manylinux2014_armv7l.whl", hash = "sha256:4f5571e66d47080060bc935d99211a148af44a41feb2a2770f87620bbfd06e0b"},
    {file = "whenever-0.10.0-cp313-cp313t-manylinux_2_17_ppc64le.manylinux2014_ppc64le.whl", hash = "sha256:bc24a7531a7a7e4a90f7ddec1065985b2865c88000a39df6d9daad359bf02fa1"},
    {file = "whenever-0.10.0-cp313-cp313t-manylinux_2_17_s390x.manylinux2014_s390x.whl", hash = "sha256:0f1aab159f692dd7aa80c1ea725a9ca68f06955830dd9311fe982090b3cdb69d"},
    {file = "whenever-0.10.0-cp313-cp313t-manylinux_2_17_x86_64.manylinux2014_x86_64.whl", hash = "sha256:d75774ffa8955bc920b3a4d2ca39f5f03e90a8bb76f9611e5ce7c2c2594d87e5"},
    {file = "whenever-0.10.0-cp313-cp313t-manylinux_2_5_i686.manylinux1_i686.whl", hash = "sha256:e13d0c70a2af7d051612cc52a224e7c0629459fb4e3b87b7edd32a14d282ea13"},
    {file = "whenever-0.10.0-cp313-cp313t-musllinux_1_2_aarch64.whl", hash = "sha256:e907bc52b1d6a17e0f537e856e1ee2fb87971e3a4dd4a2bd06633e967b779198"},
    {file = "whenever-0.10.0-cp313-cp313t-musllinux_1_2_armv7l.whl", hash = "sha256:27bda9b1a216203069c6ee0bdb0ce5c352467b5e610446c676017f8e2ba430fd"},
    {file = "whenever-0.10.0-cp313-cp313t-musllinux_1_2_i686.whl", hash = "sha256:53b7b1a74d9b88c3734381914679f18413d80d8098e7069d51a38e77d277c04c"},
    {file = "whenever-0.10.0-cp313-cp313t-musllinux_1_2_x86_64.whl", hash = "sha256:581570285d2dafb92180bc5861c021fdac1d1a4bd2027ea1366a8192d613e4f5"},
    {file = "whenever-0.10.0-cp313-cp313t-win32.whl", hash = "sha256:4d230aedc4ae9734b6c91294e77e58c0fb4c7520459ebcaad084d9de1bbcee08"},
    {file = "whenever-0.10.0-cp313-cp313t-win_amd64.whl", hash = "sha256:a5a4b3eb358a3df33d91fbc011695508fce0e2d6ded64d7b71ff1e3f6df2509d"},
    {file = "whenever-0.10.0-cp314-cp314-macosx_10_12_x86_64.whl", hash = "sha256:6c884c6b206a63070ce1f58301a332e3b6606b53821d87f8b8e304a436bfbd26"},
    {file = "whenever-0.10.0-cp314-cp314-macosx_11_0_arm64.whl", hash = "sha256:5a3c0712e41512c8063da2ea8da28b0db2445c74514143f464ccb44c907ac1ef"},
    {file = "whenever-0.10.0-cp314-cp314-manylinux_2_17_aarch64.manylinux2014_aarch64.whl", hash = "sha256:4e96cf6c3b05b9aa4412d11e72bf50c001abda57e47b985ec31614e2efeeb9bc"},
    {file = "whenever-0.10.0-cp314-cp314-manylinux_2_17_armv7l.manylinux2014_armv7l.whl", hash = "sha256:1746fa35a3f598bee76aa92841c175b65926a49856ebc58116394ca46f0a9b7d"},
    {file = "whenever-0.10.0-cp314-cp314-manylinux_2_17_ppc64le.manylinux2014_ppc64le.whl", hash = "sha256:9c78ea92143b37c6922bc05cfd53e90e3322396a1e4ecd2db662b16cb990c414"},
    {file = "whenever-0.10.0-cp314-cp314-manylinux_2_17_s390x.manylinux2014_s390x.whl", hash = "sha256:91a1b778b8ee154d70921cbf63e6a0949251a5ab93f077f1fa89167ff5e91b35"},
    {file = "whenever-0.10.0-cp314-cp314-manylinux_2_17_x86_64.manylinux2014_x86_64.whl", hash = "sha256:5219a2663757dec9303fad9328fee2b06a64757cd316cf5fa4060b0bc2e4d032"},
    {file = "whenever-0.10.0-cp314-cp314-manylinux_2_5_i686.manylinux1_i686.whl", hash = "sha256:0dbd9b90d9279e95ff717a2f112822162ab4f3da04382a9dd0dd21e8daf28cf6"},
    {file = "whenever-0.10.0-cp314-cp314-musllinux_1_2_aarch64.whl", hash = "sha256:86bb8042c6a40c29f4397e87bb5c89777f8e50111ce902d5665c3299cb7b3fc9"},
    {file = "whenever-0.10.0-cp314-cp314-musllinux_1_2_armv7l.whl", hash = "sha256:4083b5ae49323a2ed6d64fec9a665ac5dfafedd1e0d75591e26eb4f385216fc4"},
    {file = "whenever-0.10.0-cp314-cp314-musllinux_1_2_i686.whl", hash = "sha256:4e1ae2efdaaab4f1b51a50f2a0e576687c0be798fe0ec185b1b673f9a24d039c"},
    {file = "whenever-0.10.0-cp314-cp314-musllinux_1_2_x86_64.whl", hash = "sha256:7059ffb2ac2a8b4fc7c95f0db7a083fdb2eeb14034856a9277a000beaf7ecb31"},
    {file = "whenever-0.10.0-cp314-cp314-win32.whl", hash = "sha256:de5b2be02fa15e2b36e2de0e48185f872154d2aac9e66240aa2f4d6cbd79d1e0"},
    {file = "whenever-0.10.0-cp314-cp314-win_amd64.whl", hash = "sha256:2a214d0d72db76611034a18f5d103663131f0d5b7a2518d571dbf121d766f446"},
    {file = "whenever-0.10.0-cp314-cp314t-macosx_10_12_x86_64.whl", hash = "sha256:74008d13bbf6ee6c3d53e6b4e00dc2b9c2dd23b4d59543c58a0700a9622e3c43"},
    {file = "whenever-0.10.0-cp314-cp314t-macosx_11_0_arm64.whl", hash = "sha256:060f6d710dc10b8ad87b1be59be0c67eda07b272095d32f23fa5483c01bbfbde"},
    {file = "whenever-0.10.0-cp314-cp314t-manylinux_2_17_aarch64.manylinux2014_aarch64.whl", hash = "sha256:c34c72bab3d4387d83fd4b84b8ebdd706a12e39438ec56aff506ebb1318bdf8f"},
    {file = "whenever-0.10.0-cp314-cp314t-manylinux_2_17_armv7l.manylinux2014_armv7l.whl", hash = "sha256:424641f831f7678fffbac1eb61cb32259fbfb3835813f84b59d66a4cfc8507a7"},
    {file = "whenever-0.10.0-cp314-cp314t-manylinux_2_17_ppc64le.manylinux2014_ppc64le.whl", hash = "sha256:19fd25cdfebb82da8bc901c5fc701b230af5c9737455edd78d93f22f023f053a"},
    {file = "whenever-0.10.0-cp314-cp314t-manylinux_2_17_s390x.manylinux2014_s390x.whl", hash = "sha256:a82849f50fe3ed25ae30d3c0f65ad772d6d9652b4c1f687c6d092b04fc4dc88a"},
    {file = "whenever-0.10.0-cp314-cp314t-manylinux_2_17_x86_64.manylinux2014_x86_64.whl", hash = "sha256:f9dba313ce89af668f519db441a3901341789e1b428ca51f0b4d930d7423748a"},
    {file = "whenever-0.10.0-cp314-cp314t-manylinux_2_5_i686.manylinux1_i686.whl", hash = "sha256:229c1b06e31a5089342dd2680eeb96c7194bbd1ccdbc35b688b1f21379022b63"},
    {file = "whenever-0.10.0-cp314-cp314t-musllinux_1_2_aarch64.whl", hash = "sha256:9fef6e1379f31fc3fdb9a0221130a06d8572a7791cb0e8ef3713009b96525184"},
    {file = "whenever-0.10.0-cp314-cp314t-musllinux_1_2_armv7l.whl", hash = "sha256:782e564cda904e83e1c5f95ff0b68d7fc0d322d5b740e32b573a3e038299a04b"},
    {file = "whenever-0.10.0-cp314-cp314t-musllinux_1_2_i686.whl", hash = "sha256:203c9c0c02846bd5d47b767c5ef45c94658cf25f8eff537039e7d03f354c9db2"},
    {file = "whenever-0.10.0-cp314-cp314t-musllinux_1_2_x86_64.whl", hash = "sha256:2dae6ebc9008af8e4022e61f3fa7a69f96a283dfd18a4064b441f17772b78808"},
    {file = "whenever-0.10.0-cp314-cp314t-win32.whl", hash = "sha256:743220a5fa5b4e60f64d2e8f29eba258d8703dace9b640f38eda4ccd13ac559e"},
    {file = "whenever-0.10.0-cp314-cp314t-win_amd64.whl", hash = "sha256:8f7482cc1b1d019fbcfad83b31f783b0eaf5390aada329f044dc04921bb5ea2b"},
    {file = "whenever-0.10.0-py3-none-any.whl", hash = "sha256:70feda454af6b2c231abd428b9430cd75492a000ca1d1edc42976d6fea265eec"},
    {file = "whenever-0.10.0.tar.gz", hash = "sha256:a5ef2b5493531de95294080495d4d9bce9691b4b3d681c6952c7a8b3d52d7a04"},
]

[package.dependencies]
tzdata = {version = ">=2020.1", markers = "sys_platform == \"win32\""}
tzlocal = {version = ">=4.0", markers = "sys_platform != \"darwin\" and sys_platform != \"linux\""}

[metadata]
lock-version = "2.1"
python-versions = "^3.11"
content-hash = "ce1ddda38e5193134d2e35f17d1e3ae431bfefd3b018ce77643d69c9fcd28b5b"
